
Microsoft Visual Studio Solution File, Format Version 12.00
# Visual Studio 15
VisualStudioVersion = 15.0.27004.2002
MinimumVisualStudioVersion = 10.0.40219.1
Project("{9A19103F-16F7-4668-BE54-9A1E7A4F7556}") = "IdentityServerTest.Mvc", "IdentityServerTest.Mvc\IdentityServerTest.Mvc.csproj", "{6C0F56F0-1263-4D2F-952A-82B058B63901}"
EndProject
Project("{9A19103F-16F7-4668-BE54-9A1E7A4F7556}") = "IdentityServer.ConsoleApp", "IdentityServer.Console\IdentityServer.ConsoleApp.csproj", "{3FA51B79-C038-4A5B-8F28-89A2B8362963}"
EndProject
Project("{9A19103F-16F7-4668-BE54-9A1E7A4F7556}") = "IdentityServerTest.Api", "IdentityServerTest.Api\IdentityServerTest.Api.csproj", "{FF94B7E9-0DA6-4915-864A-930A9FC6AC70}"
EndProject
Global
	GlobalSection(SolutionConfigurationPlatforms) = preSolution
		Debug|Any CPU = Debug|Any CPU
		Release|Any CPU = Release|Any CPU
	EndGlobalSection
	GlobalSection(ProjectConfigurationPlatforms) = postSolution
		{6C0F56F0-1263-4D2F-952A-82B058B63901}.Debug|Any CPU.ActiveCfg = Debug|Any CPU
		{6C0F56F0-1263-4D2F-952A-82B058B63901}.Debug|Any CPU.Build.0 = Debug|Any CPU
		{6C0F56F0-1263-4D2F-952A-82B058B63901}.Release|Any CPU.ActiveCfg = Release|Any CPU
		{6C0F56F0-1263-4D2F-952A-82B058B63901}.Release|Any CPU.Build.0 = Release|Any CPU
		{3FA51B79-C038-4A5B-8F28-89A2B8362963}.Debug|Any CPU.ActiveCfg = Debug|Any CPU
		{3FA51B79-C038-4A5B-8F28-89A2B8362963}.Debug|Any CPU.Build.0 = Debug|Any CPU
		{3FA51B79-C038-4A5B-8F28-89A2B8362963}.Release|Any CPU.ActiveCfg = Release|Any CPU
		{3FA51B79-C038-4A5B-8F28-89A2B8362963}.Release|Any CPU.Build.0 = Release|Any CPU
		{FF94B7E9-0DA6-4915-864A-930A9FC6AC70}.Debug|Any CPU.ActiveCfg = Debug|Any CPU
		{FF94B7E9-0DA6-4915-864A-930A9FC6AC70}.Debug|Any CPU.Build.0 = Debug|Any CPU
		{FF94B7E9-0DA6-4915-864A-930A9FC6AC70}.Release|Any CPU.ActiveCfg = Release|Any CPU
		{FF94B7E9-0DA6-4915-864A-930A9FC6AC70}.Release|Any CPU.Build.0 = Release|Any CPU
	EndGlobalSection
	GlobalSection(SolutionProperties) = preSolution
		HideSolutionNode = FALSE
	EndGlobalSection
	GlobalSection(ExtensibilityGlobals) = postSolution
		SolutionGuid = {BC2CE366-0BB0-49A4-BAD5-CB26A4F6A6E3}
	EndGlobalSection
EndGlobal
